// !$*UTF8*$!
{
	archiveVersion = 1;
	classes = {
	};
	objectVersion = 50;
	objects = {

/* Begin PBXBuildFile section */
		E19692BA21FE78240000FF75 /* AppDelegate.swift in Sources */ = {isa = PBXBuildFile; fileRef = E19692B921FE78240000FF75 /* AppDelegate.swift */; };
		E19692BC21FE78240000FF75 /* ViewController.swift in Sources */ = {isa = PBXBuildFile; fileRef = E19692BB21FE78240000FF75 /* ViewController.swift */; };
		E19692BF21FE78240000FF75 /* Main.storyboard in Resources */ = {isa = PBXBuildFile; fileRef = E19692BD21FE78240000FF75 /* Main.storyboard */; };
		E19692C121FE78250000FF75 /* Assets.xcassets in Resources */ = {isa = PBXBuildFile; fileRef = E19692C021FE78250000FF75 /* Assets.xcassets */; };
		E19692C421FE78250000FF75 /* LaunchScreen.storyboard in Resources */ = {isa = PBXBuildFile; fileRef = E19692C221FE78250000FF75 /* LaunchScreen.storyboard */; };
		E19692CF21FE78250000FF75 /* TestTests.swift in Sources */ = {isa = PBXBuildFile; fileRef = E19692CE21FE78250000FF75 /* TestTests.swift */; };
		E19692DA21FE78250000FF75 /* TestUITests.swift in Sources */ = {isa = PBXBuildFile; fileRef = E19692D921FE78250000FF75 /* TestUITests.swift */; };
/* End PBXBuildFile section */

/* Begin PBXContainerItemProxy section */
		E19692CB21FE78250000FF75 /* PBXContainerItemProxy */ = {
			isa = PBXContainerItemProxy;
			containerPortal = E19692AE21FE78240000FF75 /* Project object */;
			proxyType = 1;
			remoteGlobalIDString = E19692B521FE78240000FF75;
			remoteInfo = Test;
		};
		E19692D621FE78250000FF75 /* PBXContainerItemProxy */ = {
			isa = PBXContainerItemProxy;
			containerPortal = E19692AE21FE78240000FF75 /* Project object */;
			proxyType = 1;
			remoteGlobalIDString = E19692B521FE78240000FF75;
			remoteInfo = Test;
		};
/* End PBXContainerItemProxy section */

/* Begin PBXFileReference section */
		E19692B621FE78240000FF75 /* Test.app */ = {isa = PBXFileReference; explicitFileType = wrapper.application; includeInIndex = 0; path = Test.app; sourceTree = BUILT_PRODUCTS_DIR; };
		E19692B921FE78240000FF75 /* AppDelegate.swift */ = {isa = PBXFileReference; lastKnownFileType = sourcecode.swift; path = AppDelegate.swift; sourceTree = "<group>"; };
		E19692BB21FE78240000FF75 /* ViewController.swift */ = {isa = PBXFileReference; lastKnownFileType = sourcecode.swift; path = ViewController.swift; sourceTree = "<group>"; };
		E19692BE21FE78240000FF75 /* Base */ = {isa = PBXFileReference; lastKnownFileType = file.storyboard; name = Base; path = Base.lproj/Main.storyboard; sourceTree = "<group>"; };
		E19692C021FE78250000FF75 /* Assets.xcassets */ = {isa = PBXFileReference; lastKnownFileType = folder.assetcatalog; path = Assets.xcassets; sourceTree = "<group>"; };
		E19692C321FE78250000FF75 /* Base */ = {isa = PBXFileReference; lastKnownFileType = file.storyboard; name = Base; path = Base.lproj/LaunchScreen.storyboard; sourceTree = "<group>"; };
		E19692C521FE78250000FF75 /* Info.plist */ = {isa = PBXFileReference; lastKnownFileType = text.plist.xml; path = Info.plist; sourceTree = "<group>"; };
		E19692CA21FE78250000FF75 /* TestTests.xctest */ = {isa = PBXFileReference; explicitFileType = wrapper.cfbundle; includeInIndex = 0; path = TestTests.xctest; sourceTree = BUILT_PRODUCTS_DIR; };
		E19692CE21FE78250000FF75 /* TestTests.swift */ = {isa = PBXFileReference; lastKnownFileType = sourcecode.swift; path = TestTests.swift; sourceTree = "<group>"; };
		E19692D021FE78250000FF75 /* Info.plist */ = {isa = PBXFileReference; lastKnownFileType = text.plist.xml; path = Info.plist; sourceTree = "<group>"; };
		E19692D521FE78250000FF75 /* TestUITests.xctest */ = {isa = PBXFileReference; explicitFileType = wrapper.cfbundle; includeInIndex = 0; path = TestUITests.xctest; sourceTree = BUILT_PRODUCTS_DIR; };
		E19692D921FE78250000FF75 /* TestUITests.swift */ = {isa = PBXFileReference; lastKnownFileType = sourcecode.swift; path = TestUITests.swift; sourceTree = "<group>"; };
		E19692DB21FE78250000FF75 /* Info.plist */ = {isa = PBXFileReference; lastKnownFileType = text.plist.xml; path = Info.plist; sourceTree = "<group>"; };
/* End PBXFileReference section */

/* Begin PBXFrameworksBuildPhase section */
		E19692B321FE78240000FF75 /* Frameworks */ = {
			isa = PBXFrameworksBuildPhase;
			buildActionMask = 2147483647;
			files = (
			);
			runOnlyForDeploymentPostprocessing = 0;
		};
		E19692C721FE78250000FF75 /* Frameworks */ = {
			isa = PBXFrameworksBuildPhase;
			buildActionMask = 2147483647;
			files = (
			);
			runOnlyForDeploymentPostprocessing = 0;
		};
		E19692D221FE78250000FF75 /* Frameworks */ = {
			isa = PBXFrameworksBuildPhase;
			buildActionMask = 2147483647;
			files = (
			);
			runOnlyForDeploymentPostprocessing = 0;
		};
/* End PBXFrameworksBuildPhase section */

/* Begin PBXGroup section */
		E19692AD21FE78240000FF75 = {
			isa = PBXGroup;
			children = (
				E19692B821FE78240000FF75 /* Test */,
				E19692CD21FE78250000FF75 /* TestTests */,
				E19692D821FE78250000FF75 /* TestUITests */,
				E19692B721FE78240000FF75 /* Products */,
			);
			sourceTree = "<group>";
		};
		E19692B721FE78240000FF75 /* Products */ = {
			isa = PBXGroup;
			children = (
				E19692B621FE78240000FF75 /* Test.app */,
				E19692CA21FE78250000FF75 /* TestTests.xctest */,
				E19692D521FE78250000FF75 /* TestUITests.xctest */,
			);
			name = Products;
			sourceTree = "<group>";
		};
		E19692B821FE78240000FF75 /* Test */ = {
			isa = PBXGroup;
			children = (
				E19692B921FE78240000FF75 /* AppDelegate.swift */,
				E19692BB21FE78240000FF75 /* ViewController.swift */,
				E19692BD21FE78240000FF75 /* Main.storyboard */,
				E19692C021FE78250000FF75 /* Assets.xcassets */,
				E19692C221FE78250000FF75 /* LaunchScreen.storyboard */,
				E19692C521FE78250000FF75 /* Info.plist */,
			);
			path = Test;
			sourceTree = "<group>";
		};
		E19692CD21FE78250000FF75 /* TestTests */ = {
			isa = PBXGroup;
			children = (
				E19692CE21FE78250000FF75 /* TestTests.swift */,
				E19692D021FE78250000FF75 /* Info.plist */,
			);
			path = TestTests;
			sourceTree = "<group>";
		};
		E19692D821FE78250000FF75 /* TestUITests */ = {
			isa = PBXGroup;
			children = (
				E19692D921FE78250000FF75 /* TestUITests.swift */,
				E19692DB21FE78250000FF75 /* Info.plist */,
			);
			path = TestUITests;
			sourceTree = "<group>";
		};
/* End PBXGroup section */

/* Begin PBXNativeTarget section */
		E19692B521FE78240000FF75 /* Test */ = {
			isa = PBXNativeTarget;
			buildConfigurationList = E19692DE21FE78250000FF75 /* Build configuration list for PBXNativeTarget "Test" */;
			buildPhases = (
				E19692B221FE78240000FF75 /* Sources */,
				E19692B321FE78240000FF75 /* Frameworks */,
				E19692B421FE78240000FF75 /* Resources */,
			);
			buildRules = (
			);
			dependencies = (
			);
			name = Test;
			productName = Test;
			productReference = E19692B621FE78240000FF75 /* Test.app */;
			productType = "com.apple.product-type.application";
		};
		E19692C921FE78250000FF75 /* TestTests */ = {
			isa = PBXNativeTarget;
			buildConfigurationList = E19692E121FE78250000FF75 /* Build configuration list for PBXNativeTarget "TestTests" */;
			buildPhases = (
				E19692C621FE78250000FF75 /* Sources */,
				E19692C721FE78250000FF75 /* Frameworks */,
				E19692C821FE78250000FF75 /* Resources */,
			);
			buildRules = (
			);
			dependencies = (
				E19692CC21FE78250000FF75 /* PBXTargetDependency */,
			);
			name = TestTests;
			productName = TestTests;
			productReference = E19692CA21FE78250000FF75 /* TestTests.xctest */;
			productType = "com.apple.product-type.bundle.unit-test";
		};
		E19692D421FE78250000FF75 /* TestUITests */ = {
			isa = PBXNativeTarget;
			buildConfigurationList = E19692E421FE78250000FF75 /* Build configuration list for PBXNativeTarget "TestUITests" */;
			buildPhases = (
				E19692D121FE78250000FF75 /* Sources */,
				E19692D221FE78250000FF75 /* Frameworks */,
				E19692D321FE78250000FF75 /* Resources */,
			);
			buildRules = (
			);
			dependencies = (
				E19692D721FE78250000FF75 /* PBXTargetDependency */,
			);
			name = TestUITests;
			productName = TestUITests;
			productReference = E19692D521FE78250000FF75 /* TestUITests.xctest */;
			productType = "com.apple.product-type.bundle.ui-testing";
		};
/* End PBXNativeTarget section */

/* Begin PBXProject section */
		E19692AE21FE78240000FF75 /* Project object */ = {
			isa = PBXProject;
			attributes = {
				LastSwiftUpdateCheck = 0940;
				LastUpgradeCheck = 0940;
				ORGANIZATIONNAME = "jonathan orellana";
				TargetAttributes = {
					E19692B521FE78240000FF75 = {
						CreatedOnToolsVersion = 9.4.1;
					};
					E19692C921FE78250000FF75 = {
						CreatedOnToolsVersion = 9.4.1;
						TestTargetID = E19692B521FE78240000FF75;
					};
					E19692D421FE78250000FF75 = {
						CreatedOnToolsVersion = 9.4.1;
						TestTargetID = E19692B521FE78240000FF75;
					};
				};
			};
			buildConfigurationList = E19692B121FE78240000FF75 /* Build configuration list for PBXProject "Test" */;
			compatibilityVersion = "Xcode 9.3";
			developmentRegion = en;
			hasScannedForEncodings = 0;
			knownRegions = (
				en,
				Base,
			);
			mainGroup = E19692AD21FE78240000FF75;
			productRefGroup = E19692B721FE78240000FF75 /* Products */;
			projectDirPath = "";
			projectRoot = "";
			targets = (
				E19692B521FE78240000FF75 /* Test */,
				E19692C921FE78250000FF75 /* TestTests */,
				E19692D421FE78250000FF75 /* TestUITests */,
			);
		};
/* End PBXProject section */

/* Begin PBXResourcesBuildPhase section */
		E19692B421FE78240000FF75 /* Resources */ = {
			isa = PBXResourcesBuildPhase;
			buildActionMask = 2147483647;
			files = (
				E19692C421FE78250000FF75 /* LaunchScreen.storyboard in Resources */,
				E19692C121FE78250000FF75 /* Assets.xcassets in Resources */,
				E19692BF21FE78240000FF75 /* Main.storyboard in Resources */,
			);
			runOnlyForDeploymentPostprocessing = 0;
		};
		E19692C821FE78250000FF75 /* Resources */ = {
			isa = PBXResourcesBuildPhase;
			buildActionMask = 2147483647;
			files = (
			);
			runOnlyForDeploymentPostprocessing = 0;
		};
		E19692D321FE78250000FF75 /* Resources */ = {
			isa = PBXResourcesBuildPhase;
			buildActionMask = 2147483647;
			files = (
			);
			runOnlyForDeploymentPostprocessing = 0;
		};
/* End PBXResourcesBuildPhase section */

/* Begin PBXSourcesBuildPhase section */
		E19692B221FE78240000FF75 /* Sources */ = {
			isa = PBXSourcesBuildPhase;
			buildActionMask = 2147483647;
			files = (
				E19692BC21FE78240000FF75 /* ViewController.swift in Sources */,
				E19692BA21FE78240000FF75 /* AppDelegate.swift in Sources */,
			);
			runOnlyForDeploymentPostprocessing = 0;
		};
		E19692C621FE78250000FF75 /* Sources */ = {
			isa = PBXSourcesBuildPhase;
			buildActionMask = 2147483647;
			files = (
				E19692CF21FE78250000FF75 /* TestTests.swift in Sources */,
			);
			runOnlyForDeploymentPostprocessing = 0;
		};
		E19692D121FE78250000FF75 /* Sources */ = {
			isa = PBXSourcesBuildPhase;
			buildActionMask = 2147483647;
			files = (
				E19692DA21FE78250000FF75 /* TestUITests.swift in Sources */,
			);
			runOnlyForDeploymentPostprocessing = 0;
		};
/* End PBXSourcesBuildPhase section */

/* Begin PBXTargetDependency section */
		E19692CC21FE78250000FF75 /* PBXTargetDependency */ = {
			isa = PBXTargetDependency;
			target = E19692B521FE78240000FF75 /* Test */;
			targetProxy = E19692CB21FE78250000FF75 /* PBXContainerItemProxy */;
		};
		E19692D721FE78250000FF75 /* PBXTargetDependency */ = {
			isa = PBXTargetDependency;
			target = E19692B521FE78240000FF75 /* Test */;
			targetProxy = E19692D621FE78250000FF75 /* PBXContainerItemProxy */;
		};
/* End PBXTargetDependency section */

/* Begin PBXVariantGroup section */
		E19692BD21FE78240000FF75 /* Main.storyboard */ = {
			isa = PBXVariantGroup;
			children = (
				E19692BE21FE78240000FF75 /* Base */,
			);
			name = Main.storyboard;
			sourceTree = "<group>";
		};
		E19692C221FE78250000FF75 /* LaunchScreen.storyboard */ = {
			isa = PBXVariantGroup;
			children = (
				E19692C321FE78250000FF75 /* Base */,
			);
			name = LaunchScreen.storyboard;
			sourceTree = "<group>";
		};
/* End PBXVariantGroup section */

/* Begin XCBuildConfiguration section */
		E19692DC21FE78250000FF75 /* Debug */ = {
			isa = XCBuildConfiguration;
			buildSettings = {
				ALWAYS_SEARCH_USER_PATHS = NO;
				CLANG_ANALYZER_NONNULL = YES;
				CLANG_ANALYZER_NUMBER_OBJECT_CONVERSION = YES_AGGRESSIVE;
				CLANG_CXX_LANGUAGE_STANDARD = "gnu++14";
				CLANG_CXX_LIBRARY = "libc++";
				CLANG_ENABLE_MODULES = YES;
				CLANG_ENABLE_OBJC_ARC = YES;
				CLANG_ENABLE_OBJC_WEAK = YES;
				CLANG_WARN_BLOCK_CAPTURE_AUTORELEASING = YES;
				CLANG_WARN_BOOL_CONVERSION = YES;
				CLANG_WARN_COMMA = YES;
				CLANG_WARN_CONSTANT_CONVERSION = YES;
				CLANG_WARN_DEPRECATED_OBJC_IMPLEMENTATIONS = YES;
				CLANG_WARN_DIRECT_OBJC_ISA_USAGE = YES_ERROR;
				CLANG_WARN_DOCUMENTATION_COMMENTS = YES;
				CLANG_WARN_EMPTY_BODY = YES;
				CLANG_WARN_ENUM_CONVERSION = YES;
				CLANG_WARN_INFINITE_RECURSION = YES;
				CLANG_WARN_INT_CONVERSION = YES;
				CLANG_WARN_NON_LITERAL_NULL_CONVERSION = YES;
				CLANG_WARN_OBJC_IMPLICIT_RETAIN_SELF = YES;
				CLANG_WARN_OBJC_LITERAL_CONVERSION = YES;
				CLANG_WARN_OBJC_ROOT_CLASS = YES_ERROR;
				CLANG_WARN_RANGE_LOOP_ANALYSIS = YES;
				CLANG_WARN_STRICT_PROTOTYPES = YES;
				CLANG_WARN_SUSPICIOUS_MOVE = YES;
				CLANG_WARN_UNGUARDED_AVAILABILITY = YES_AGGRESSIVE;
				CLANG_WARN_UNREACHABLE_CODE = YES;
				CLANG_WARN__DUPLICATE_METHOD_MATCH = YES;
				CODE_SIGN_IDENTITY = "iPhone Developer";
				COPY_PHASE_STRIP = NO;
				DEBUG_INFORMATION_FORMAT = dwarf;
				ENABLE_STRICT_OBJC_MSGSEND = YES;
				ENABLE_TESTABILITY = YES;
				GCC_C_LANGUAGE_STANDARD = gnu11;
				GCC_DYNAMIC_NO_PIC = NO;
				GCC_NO_COMMON_BLOCKS = YES;
				GCC_OPTIMIZATION_LEVEL = 0;
				GCC_PREPROCESSOR_DEFINITIONS = (
					"DEBUG=1",
					"$(inherited)",
				);
				GCC_WARN_64_TO_32_BIT_CONVERSION = YES;
				GCC_WARN_ABOUT_RETURN_TYPE = YES_ERROR;
				GCC_WARN_UNDECLARED_SELECTOR = YES;
				GCC_WARN_UNINITIALIZED_AUTOS = YES_AGGRESSIVE;
				GCC_WARN_UNUSED_FUNCTION = YES;
				GCC_WARN_UNUSED_VARIABLE = YES;
				IPHONEOS_DEPLOYMENT_TARGET = 11.4;
				MTL_ENABLE_DEBUG_INFO = YES;
				ONLY_ACTIVE_ARCH = YES;
				SDKROOT = iphoneos;
				SWIFT_ACTIVE_COMPILATION_CONDITIONS = DEBUG;
				SWIFT_OPTIMIZATION_LEVEL = "-Onone";
			};
			name = Debug;
		};
		E19692DD21FE78250000FF75 /* Release */ = {
			isa = XCBuildConfiguration;
			buildSettings = {
				ALWAYS_SEARCH_USER_PATHS = NO;
				CLANG_ANALYZER_NONNULL = YES;
				CLANG_ANALYZER_NUMBER_OBJECT_CONVERSION = YES_AGGRESSIVE;
				CLANG_CXX_LANGUAGE_STANDARD = "gnu++14";
				CLANG_CXX_LIBRARY = "libc++";
				CLANG_ENABLE_MODULES = YES;
				CLANG_ENABLE_OBJC_ARC = YES;
				CLANG_ENABLE_OBJC_WEAK = YES;
				CLANG_WARN_BLOCK_CAPTURE_AUTORELEASING = YES;
				CLANG_WARN_BOOL_CONVERSION = YES;
				CLANG_WARN_COMMA = YES;
				CLANG_WARN_CONSTANT_CONVERSION = YES;
				CLANG_WARN_DEPRECATED_OBJC_IMPLEMENTATIONS = YES;
				CLANG_WARN_DIRECT_OBJC_ISA_USAGE = YES_ERROR;
				CLANG_WARN_DOCUMENTATION_COMMENTS = YES;
				CLANG_WARN_EMPTY_BODY = YES;
				CLANG_WARN_ENUM_CONVERSION = YES;
				CLANG_WARN_INFINITE_RECURSION = YES;
				CLANG_WARN_INT_CONVERSION = YES;
				CLANG_WARN_NON_LITERAL_NULL_CONVERSION = YES;
				CLANG_WARN_OBJC_IMPLICIT_RETAIN_SELF = YES;
				CLANG_WARN_OBJC_LITERAL_CONVERSION = YES;
				CLANG_WARN_OBJC_ROOT_CLASS = YES_ERROR;
				CLANG_WARN_RANGE_LOOP_ANALYSIS = YES;
				CLANG_WARN_STRICT_PROTOTYPES = YES;
				CLANG_WARN_SUSPICIOUS_MOVE = YES;
				CLANG_WARN_UNGUARDED_AVAILABILITY = YES_AGGRESSIVE;
				CLANG_WARN_UNREACHABLE_CODE = YES;
				CLANG_WARN__DUPLICATE_METHOD_MATCH = YES;
				CODE_SIGN_IDENTITY = "iPhone Developer";
				COPY_PHASE_STRIP = NO;
				DEBUG_INFORMATION_FORMAT = "dwarf-with-dsym";
				ENABLE_NS_ASSERTIONS = NO;
				ENABLE_STRICT_OBJC_MSGSEND = YES;
				GCC_C_LANGUAGE_STANDARD = gnu11;
				GCC_NO_COMMON_BLOCKS = YES;
				GCC_WARN_64_TO_32_BIT_CONVERSION = YES;
				GCC_WARN_ABOUT_RETURN_TYPE = YES_ERROR;
				GCC_WARN_UNDECLARED_SELECTOR = YES;
				GCC_WARN_UNINITIALIZED_AUTOS = YES_AGGRESSIVE;
				GCC_WARN_UNUSED_FUNCTION = YES;
				GCC_WARN_UNUSED_VARIABLE = YES;
				IPHONEOS_DEPLOYMENT_TARGET = 11.4;
				MTL_ENABLE_DEBUG_INFO = NO;
				SDKROOT = iphoneos;
				SWIFT_COMPILATION_MODE = wholemodule;
				SWIFT_OPTIMIZATION_LEVEL = "-O";
				VALIDATE_PRODUCT = YES;
			};
			name = Release;
		};
		E19692DF21FE78250000FF75 /* Debug */ = {
			isa = XCBuildConfiguration;
			buildSettings = {
				ASSETCATALOG_COMPILER_APPICON_NAME = AppIcon;
				CODE_SIGN_STYLE = Automatic;
				DEVELOPMENT_TEAM = FAFF4GC6NK;
				INFOPLIST_FILE = Test/Info.plist;
				LD_RUNPATH_SEARCH_PATHS = (
					"$(inherited)",
					"@executable_path/Frameworks",
				);
				PRODUCT_BUNDLE_IDENTIFIER = com.jonathan.Test;
				PRODUCT_NAME = "$(TARGET_NAME)";
				SWIFT_VERSION = 4.0;
				TARGETED_DEVICE_FAMILY = "1,2";
			};
			name = Debug;
		};
		E19692E021FE78250000FF75 /* Release */ = {
			isa = XCBuildConfiguration;
			buildSettings = {
				ASSETCATALOG_COMPILER_APPICON_NAME = AppIcon;
				CODE_SIGN_STYLE = Automatic;
				DEVELOPMENT_TEAM = FAFF4GC6NK;
				INFOPLIST_FILE = Test/Info.plist;
				LD_RUNPATH_SEARCH_PATHS = (
					"$(inherited)",
					"@executable_path/Frameworks",
				);
				PRODUCT_BUNDLE_IDENTIFIER = com.jonathan.Test;
				PRODUCT_NAME = "$(TARGET_NAME)";
				SWIFT_VERSION = 4.0;
				TARGETED_DEVICE_FAMILY = "1,2";
			};
			name = Release;
		};
		E19692E221FE78250000FF75 /* Debug */ = {
			isa = XCBuildConfiguration;
			buildSettings = {
				ALWAYS_EMBED_SWIFT_STANDARD_LIBRARIES = YES;
				BUNDLE_LOADER = "$(TEST_HOST)";
				CODE_SIGN_STYLE = Automatic;
				DEVELOPMENT_TEAM = FAFF4GC6NK;
				INFOPLIST_FILE = TestTests/Info.plist;
				LD_RUNPATH_SEARCH_PATHS = (
					"$(inherited)",
					"@executable_path/Frameworks",
					"@loader_path/Frameworks",
				);
				PRODUCT_BUNDLE_IDENTIFIER = com.jonathan.TestTests;
				PRODUCT_NAME = "$(TARGET_NAME)";
				SWIFT_VERSION = 4.0;
				TARGETED_DEVICE_FAMILY = "1,2";
				TEST_HOST = "$(BUILT_PRODUCTS_DIR)/Test.app/Test";
			};
			name = Debug;
		};
		E19692E321FE78250000FF75 /* Release */ = {
			isa = XCBuildConfiguration;
			buildSettings = {
				ALWAYS_EMBED_SWIFT_STANDARD_LIBRARIES = YES;
				BUNDLE_LOADER = "$(TEST_HOST)";
				CODE_SIGN_STYLE = Automatic;
				DEVELOPMENT_TEAM = FAFF4GC6NK;
				INFOPLIST_FILE = TestTests/Info.plist;
				LD_RUNPATH_SEARCH_PATHS = (
					"$(inherited)",
					"@executable_path/Frameworks",
					"@loader_path/Frameworks",
				);
				PRODUCT_BUNDLE_IDENTIFIER = com.jonathan.TestTests;
				PRODUCT_NAME = "$(TARGET_NAME)";
				SWIFT_VERSION = 4.0;
				TARGETED_DEVICE_FAMILY = "1,2";
				TEST_HOST = "$(BUILT_PRODUCTS_DIR)/Test.app/Test";
			};
			name = Release;
		};
		E19692E521FE78250000FF75 /* Debug */ = {
			isa = XCBuildConfiguration;
			buildSettings = {
				ALWAYS_EMBED_SWIFT_STANDARD_LIBRARIES = YES;
				CODE_SIGN_STYLE = Automatic;
				DEVELOPMENT_TEAM = FAFF4GC6NK;
				INFOPLIST_FILE = TestUITests/Info.plist;
				LD_RUNPATH_SEARCH_PATHS = (
					"$(inherited)",
					"@executable_path/Frameworks",
					"@loader_path/Frameworks",
				);
				PRODUCT_BUNDLE_IDENTIFIER = com.jonathan.TestUITests;
				PRODUCT_NAME = "$(TARGET_NAME)";
				SWIFT_VERSION = 4.0;
				TARGETED_DEVICE_FAMILY = "1,2";
				TEST_TARGET_NAME = Test;
			};
			name = Debug;
		};
		E19692E621FE78250000FF75 /* Release */ = {
			isa = XCBuildConfiguration;
			buildSettings = {
				ALWAYS_EMBED_SWIFT_STANDARD_LIBRARIES = YES;
				CODE_SIGN_STYLE = Automatic;
				DEVELOPMENT_TEAM = FAFF4GC6NK;
				INFOPLIST_FILE = TestUITests/Info.plist;
				LD_RUNPATH_SEARCH_PATHS = (
					"$(inherited)",
					"@executable_path/Frameworks",
					"@loader_path/Frameworks",
				);
				PRODUCT_BUNDLE_IDENTIFIER = com.jonathan.TestUITests;
				PRODUCT_NAME = "$(TARGET_NAME)";
				SWIFT_VERSION = 4.0;
				TARGETED_DEVICE_FAMILY = "1,2";
				TEST_TARGET_NAME = Test;
			};
			name = Release;
		};
/* End XCBuildConfiguration section */

/* Begin XCConfigurationList section */
		E19692B121FE78240000FF75 /* Build configuration list for PBXProject "Test" */ = {
			isa = XCConfigurationList;
			buildConfigurations = (
				E19692DC21FE78250000FF75 /* Debug */,
				E19692DD21FE78250000FF75 /* Release */,
			);
			defaultConfigurationIsVisible = 0;
			defaultConfigurationName = Release;
		};
		E19692DE21FE78250000FF75 /* Build configuration list for PBXNativeTarget "Test" */ = {
			isa = XCConfigurationList;
			buildConfigurations = (
				E19692DF21FE78250000FF75 /* Debug */,
				E19692E021FE78250000FF75 /* Release */,
			);
			defaultConfigurationIsVisible = 0;
			defaultConfigurationName = Release;
		};
		E19692E121FE78250000FF75 /* Build configuration list for PBXNativeTarget "TestTests" */ = {
			isa = XCConfigurationList;
			buildConfigurations = (
				E19692E221FE78250000FF75 /* Debug */,
				E19692E321FE78250000FF75 /* Release */,
			);
			defaultConfigurationIsVisible = 0;
			defaultConfigurationName = Release;
		};
		E19692E421FE78250000FF75 /* Build configuration list for PBXNativeTarget "TestUITests" */ = {
			isa = XCConfigurationList;
			buildConfigurations = (
				E19692E521FE78250000FF75 /* Debug */,
				E19692E621FE78250000FF75 /* Release */,
			);
			defaultConfigurationIsVisible = 0;
			defaultConfigurationName = Release;
		};
/* End XCConfigurationList section */
	};
	rootObject = E19692AE21FE78240000FF75 /* Project object */;
}
